# THIS IS AN AUTOGENERATED FILE. DO NOT EDIT THIS FILE DIRECTLY.
# yarn lockfile v1


nan@^2.0.9:
  version "2.14.0"
  resolved "https://registry.yarnpkg.com/nan/-/nan-2.14.0.tgz#7818f722027b2459a86f0295d434d1fc2336c52c"
  integrity sha512-INOFj37C7k3AfaNTtX8RhsTw7qRy7eLET14cROi9+5HAVbbHuIWUHEauBv5qT4Av2tWasiTY1Jw6puUNqRJXQg==

pcap@^2.1.0:
  version "2.1.0"
  resolved "https://registry.yarnpkg.com/pcap/-/pcap-2.1.0.tgz#4504072591dcf06289e3b93bd5e55ffb9a22f25b"
  integrity sha512-immYRefC8nWvfH0HbmB/O+8xcd5TsN+VzOusFY0BNpQtZXlKwZo/2AiZHAukcC41vcgVI7dUrBxQCsQc71NaOw==
  dependencies:
    nan "^2.0.9"
    socketwatcher "git+https://github.com/bytzdev/node-socketwatcher.git"

"socketwatcher@git+https://github.com/bytzdev/node-socketwatcher.git":
  version "0.3.0"
  resolved "git+https://github.com/bytzdev/node-socketwatcher.git#d252d3f8c45f565a0a48ebd155d4f9e4666798d9"
  dependencies:
    nan "^2.0.9"
